
Microsoft Visual Studio Solution File, Format Version 12.00
# Visual Studio Version 17
VisualStudioVersion = 17.0.31903.59
MinimumVisualStudioVersion = 10.0.40219.1
Project("{2150E333-8FDC-42A3-9474-1A3956D46DE8}") = "src", "src", "{D36A98EF-C9E4-4FDE-A12F-A4D3EA5FA0E2}"
EndProject
Project("{FAE04EC0-301F-11D3-BF4B-00C04F79EFBC}") = "ScrollReader", "src\ScrollReader\ScrollReader.csproj", "{8FE6D7B3-6116-47BA-A06F-EF92163F179D}"
EndProject
Project("{2150E333-8FDC-42A3-9474-1A3956D46DE8}") = "tests", "tests", "{48593CDD-70FE-4CA1-8AF4-AFD3C76839F5}"
EndProject
Project("{FAE04EC0-301F-11D3-BF4B-00C04F79EFBC}") = "ScrollReader.Tests", "tests\ScrollReader.Tests\ScrollReader.Tests.csproj", "{350D61D4-B433-4CBC-8B84-25AC01F0A66A}"
EndProject
Global
	GlobalSection(SolutionConfigurationPlatforms) = preSolution
		Debug|Any CPU = Debug|Any CPU
		Release|Any CPU = Release|Any CPU
	EndGlobalSection
	GlobalSection(SolutionProperties) = preSolution
		HideSolutionNode = FALSE
	EndGlobalSection
	GlobalSection(ProjectConfigurationPlatforms) = postSolution
		{8FE6D7B3-6116-47BA-A06F-EF92163F179D}.Debug|Any CPU.ActiveCfg = Debug|Any CPU
		{8FE6D7B3-6116-47BA-A06F-EF92163F179D}.Debug|Any CPU.Build.0 = Debug|Any CPU
		{8FE6D7B3-6116-47BA-A06F-EF92163F179D}.Release|Any CPU.ActiveCfg = Release|Any CPU
		{8FE6D7B3-6116-47BA-A06F-EF92163F179D}.Release|Any CPU.Build.0 = Release|Any CPU
		{350D61D4-B433-4CBC-8B84-25AC01F0A66A}.Debug|Any CPU.ActiveCfg = Debug|Any CPU
		{350D61D4-B433-4CBC-8B84-25AC01F0A66A}.Debug|Any CPU.Build.0 = Debug|Any CPU
		{350D61D4-B433-4CBC-8B84-25AC01F0A66A}.Release|Any CPU.ActiveCfg = Release|Any CPU
		{350D61D4-B433-4CBC-8B84-25AC01F0A66A}.Release|Any CPU.Build.0 = Release|Any CPU
	EndGlobalSection
	GlobalSection(NestedProjects) = preSolution
		{8FE6D7B3-6116-47BA-A06F-EF92163F179D} = {D36A98EF-C9E4-4FDE-A12F-A4D3EA5FA0E2}
		{350D61D4-B433-4CBC-8B84-25AC01F0A66A} = {48593CDD-70FE-4CA1-8AF4-AFD3C76839F5}
	EndGlobalSection
EndGlobal
